// !$*UTF8*$!
{
	archiveVersion = 1;
	classes = {
	};
	objectVersion = 50;
	objects = {

/* Begin PBXBuildFile section */
		1115BFA4222D597F002734B9 /* BaseView.swift in Sources */ = {isa = PBXBuildFile; fileRef = 1115BFA3222D597F002734B9 /* BaseView.swift */; };
		1115BFA8222D59F9002734B9 /* MovieListViewController.swift in Sources */ = {isa = PBXBuildFile; fileRef = 1115BFA7222D59F9002734B9 /* MovieListViewController.swift */; };
		1115BFAB222D5C21002734B9 /* NavigationConstants.swift in Sources */ = {isa = PBXBuildFile; fileRef = 1115BFAA222D5C21002734B9 /* NavigationConstants.swift */; };
		1115BFB0222D5D29002734B9 /* MovieListTableViewCell.swift in Sources */ = {isa = PBXBuildFile; fileRef = 1115BFAE222D5D29002734B9 /* MovieListTableViewCell.swift */; };
		1115BFB1222D5D29002734B9 /* MovieListTableViewCell.xib in Resources */ = {isa = PBXBuildFile; fileRef = 1115BFAF222D5D29002734B9 /* MovieListTableViewCell.xib */; };
		1115BFB7222D6A6E002734B9 /* Localizable.strings in Resources */ = {isa = PBXBuildFile; fileRef = 1115BFB9222D6A6E002734B9 /* Localizable.strings */; };
		1115BFBD222D6E58002734B9 /* NetworkService.swift in Sources */ = {isa = PBXBuildFile; fileRef = 1115BFBC222D6E57002734B9 /* NetworkService.swift */; };
		1115BFBF222D6F17002734B9 /* NetworkConstants.swift in Sources */ = {isa = PBXBuildFile; fileRef = 1115BFBE222D6F17002734B9 /* NetworkConstants.swift */; };
		11988198222D51150055FBD3 /* AppDelegate.swift in Sources */ = {isa = PBXBuildFile; fileRef = 11988197222D51150055FBD3 /* AppDelegate.swift */; };
		1198819D222D51150055FBD3 /* MovieList.storyboard in Resources */ = {isa = PBXBuildFile; fileRef = 1198819B222D51150055FBD3 /* MovieList.storyboard */; };
		119881A0222D51150055FBD3 /* MovieList.xcdatamodeld in Sources */ = {isa = PBXBuildFile; fileRef = 1198819E222D51150055FBD3 /* MovieList.xcdatamodeld */; };
		119881A2222D51150055FBD3 /* Assets.xcassets in Resources */ = {isa = PBXBuildFile; fileRef = 119881A1222D51150055FBD3 /* Assets.xcassets */; };
		119881A5222D51150055FBD3 /* LaunchScreen.storyboard in Resources */ = {isa = PBXBuildFile; fileRef = 119881A3222D51150055FBD3 /* LaunchScreen.storyboard */; };
		119EAD56222D746200487A93 /* UIStoryboardExtensions.swift in Sources */ = {isa = PBXBuildFile; fileRef = 119EAD55222D746200487A93 /* UIStoryboardExtensions.swift */; };
		119EAD59222D81E600487A93 /* Movie.swift in Sources */ = {isa = PBXBuildFile; fileRef = 119EAD58222D81E600487A93 /* Movie.swift */; };
		119EAD5B222D864E00487A93 /* MovieListService.swift in Sources */ = {isa = PBXBuildFile; fileRef = 119EAD5A222D864E00487A93 /* MovieListService.swift */; };
		119EAD5D222EF74400487A93 /* UIColor.swift in Sources */ = {isa = PBXBuildFile; fileRef = 119EAD5C222EF74400487A93 /* UIColor.swift */; };
		119EAD5F222EFFAC00487A93 /* StringExtension.swift in Sources */ = {isa = PBXBuildFile; fileRef = 119EAD5E222EFFAC00487A93 /* StringExtension.swift */; };
		119EAD61222F3B1000487A93 /* MovieDetailService.swift in Sources */ = {isa = PBXBuildFile; fileRef = 119EAD60222F3B1000487A93 /* MovieDetailService.swift */; };
		119EAD66222F46EA00487A93 /* NetworkMovieDetailConstants.swift in Sources */ = {isa = PBXBuildFile; fileRef = 119EAD65222F46EA00487A93 /* NetworkMovieDetailConstants.swift */; };
		119EAD68222F477C00487A93 /* NetworkMovieListConstants.swift in Sources */ = {isa = PBXBuildFile; fileRef = 119EAD67222F477C00487A93 /* NetworkMovieListConstants.swift */; };
		119EAD6A222F506F00487A93 /* MovieDetailViewController.swift in Sources */ = {isa = PBXBuildFile; fileRef = 119EAD69222F506F00487A93 /* MovieDetailViewController.swift */; };
		119EAD6C222F50A200487A93 /* MovieDetail.storyboard in Resources */ = {isa = PBXBuildFile; fileRef = 119EAD6B222F50A200487A93 /* MovieDetail.storyboard */; };
		8226EFAE9B9D87B996844409 /* Pods_MovieList.framework in Frameworks */ = {isa = PBXBuildFile; fileRef = F07DA49A5C4AE5C735FEB982 /* Pods_MovieList.framework */; };
/* End PBXBuildFile section */

/* Begin PBXFileReference section */
		1115BFA3222D597F002734B9 /* BaseView.swift */ = {isa = PBXFileReference; lastKnownFileType = sourcecode.swift; path = BaseView.swift; sourceTree = "<group>"; };
		1115BFA7222D59F9002734B9 /* MovieListViewController.swift */ = {isa = PBXFileReference; lastKnownFileType = sourcecode.swift; path = MovieListViewController.swift; sourceTree = "<group>"; };
		1115BFAA222D5C21002734B9 /* NavigationConstants.swift */ = {isa = PBXFileReference; lastKnownFileType = sourcecode.swift; path = NavigationConstants.swift; sourceTree = "<group>"; };
		1115BFAE222D5D29002734B9 /* MovieListTableViewCell.swift */ = {isa = PBXFileReference; lastKnownFileType = sourcecode.swift; path = MovieListTableViewCell.swift; sourceTree = "<group>"; };
		1115BFAF222D5D29002734B9 /* MovieListTableViewCell.xib */ = {isa = PBXFileReference; lastKnownFileType = file.xib; path = MovieListTableViewCell.xib; sourceTree = "<group>"; };
		1115BFB4222D69E7002734B9 /* pt-BR */ = {isa = PBXFileReference; lastKnownFileType = text.plist.strings; name = "pt-BR"; path = "pt-BR.lproj/LaunchScreen.strings"; sourceTree = "<group>"; };
		1115BFB8222D6A6E002734B9 /* en */ = {isa = PBXFileReference; lastKnownFileType = text.plist.strings; name = en; path = en.lproj/Localizable.strings; sourceTree = "<group>"; };
		1115BFBA222D6A71002734B9 /* pt-BR */ = {isa = PBXFileReference; lastKnownFileType = text.plist.strings; name = "pt-BR"; path = "pt-BR.lproj/Localizable.strings"; sourceTree = "<group>"; };
		1115BFBC222D6E57002734B9 /* NetworkService.swift */ = {isa = PBXFileReference; lastKnownFileType = sourcecode.swift; path = NetworkService.swift; sourceTree = "<group>"; };
		1115BFBE222D6F17002734B9 /* NetworkConstants.swift */ = {isa = PBXFileReference; lastKnownFileType = sourcecode.swift; path = NetworkConstants.swift; sourceTree = "<group>"; };
		11988194222D51150055FBD3 /* MovieList.app */ = {isa = PBXFileReference; explicitFileType = wrapper.application; includeInIndex = 0; path = MovieList.app; sourceTree = BUILT_PRODUCTS_DIR; };
		11988197222D51150055FBD3 /* AppDelegate.swift */ = {isa = PBXFileReference; lastKnownFileType = sourcecode.swift; path = AppDelegate.swift; sourceTree = "<group>"; };
		1198819C222D51150055FBD3 /* Base */ = {isa = PBXFileReference; lastKnownFileType = file.storyboard; name = Base; path = Base.lproj/MovieList.storyboard; sourceTree = "<group>"; };
		1198819F222D51150055FBD3 /* MovieList.xcdatamodel */ = {isa = PBXFileReference; lastKnownFileType = wrapper.xcdatamodel; path = MovieList.xcdatamodel; sourceTree = "<group>"; };
		119881A1222D51150055FBD3 /* Assets.xcassets */ = {isa = PBXFileReference; lastKnownFileType = folder.assetcatalog; path = Assets.xcassets; sourceTree = "<group>"; };
		119881A4222D51150055FBD3 /* Base */ = {isa = PBXFileReference; lastKnownFileType = file.storyboard; name = Base; path = Base.lproj/LaunchScreen.storyboard; sourceTree = "<group>"; };
		119881A6222D51150055FBD3 /* Info.plist */ = {isa = PBXFileReference; lastKnownFileType = text.plist.xml; path = Info.plist; sourceTree = "<group>"; };
		119EAD55222D746200487A93 /* UIStoryboardExtensions.swift */ = {isa = PBXFileReference; lastKnownFileType = sourcecode.swift; path = UIStoryboardExtensions.swift; sourceTree = "<group>"; };
		119EAD58222D81E600487A93 /* Movie.swift */ = {isa = PBXFileReference; lastKnownFileType = sourcecode.swift; path = Movie.swift; sourceTree = "<group>"; };
		119EAD5A222D864E00487A93 /* MovieListService.swift */ = {isa = PBXFileReference; lastKnownFileType = sourcecode.swift; path = MovieListService.swift; sourceTree = "<group>"; };
		119EAD5C222EF74400487A93 /* UIColor.swift */ = {isa = PBXFileReference; lastKnownFileType = sourcecode.swift; path = UIColor.swift; sourceTree = "<group>"; };
		119EAD5E222EFFAC00487A93 /* StringExtension.swift */ = {isa = PBXFileReference; lastKnownFileType = sourcecode.swift; path = StringExtension.swift; sourceTree = "<group>"; };
		119EAD60222F3B1000487A93 /* MovieDetailService.swift */ = {isa = PBXFileReference; lastKnownFileType = sourcecode.swift; path = MovieDetailService.swift; sourceTree = "<group>"; };
		119EAD65222F46EA00487A93 /* NetworkMovieDetailConstants.swift */ = {isa = PBXFileReference; lastKnownFileType = sourcecode.swift; path = NetworkMovieDetailConstants.swift; sourceTree = "<group>"; };
		119EAD67222F477C00487A93 /* NetworkMovieListConstants.swift */ = {isa = PBXFileReference; lastKnownFileType = sourcecode.swift; path = NetworkMovieListConstants.swift; sourceTree = "<group>"; };
		119EAD69222F506F00487A93 /* MovieDetailViewController.swift */ = {isa = PBXFileReference; lastKnownFileType = sourcecode.swift; path = MovieDetailViewController.swift; sourceTree = "<group>"; };
		119EAD6B222F50A200487A93 /* MovieDetail.storyboard */ = {isa = PBXFileReference; lastKnownFileType = file.storyboard; path = MovieDetail.storyboard; sourceTree = "<group>"; };
		59D1777800CB037E1BE9BCDF /* Pods-MovieList.release.xcconfig */ = {isa = PBXFileReference; includeInIndex = 1; lastKnownFileType = text.xcconfig; name = "Pods-MovieList.release.xcconfig"; path = "Target Support Files/Pods-MovieList/Pods-MovieList.release.xcconfig"; sourceTree = "<group>"; };
		EC37A20C77E69D40C07A241B /* Pods-MovieList.debug.xcconfig */ = {isa = PBXFileReference; includeInIndex = 1; lastKnownFileType = text.xcconfig; name = "Pods-MovieList.debug.xcconfig"; path = "Target Support Files/Pods-MovieList/Pods-MovieList.debug.xcconfig"; sourceTree = "<group>"; };
		F07DA49A5C4AE5C735FEB982 /* Pods_MovieList.framework */ = {isa = PBXFileReference; explicitFileType = wrapper.framework; includeInIndex = 0; path = Pods_MovieList.framework; sourceTree = BUILT_PRODUCTS_DIR; };
/* End PBXFileReference section */

/* Begin PBXFrameworksBuildPhase section */
		11988191222D51150055FBD3 /* Frameworks */ = {
			isa = PBXFrameworksBuildPhase;
			buildActionMask = 2147483647;
			files = (
				8226EFAE9B9D87B996844409 /* Pods_MovieList.framework in Frameworks */,
			);
			runOnlyForDeploymentPostprocessing = 0;
		};
/* End PBXFrameworksBuildPhase section */

/* Begin PBXGroup section */
		1115BFA0222D58B4002734B9 /* Storyboards */ = {
			isa = PBXGroup;
			children = (
				1198819B222D51150055FBD3 /* MovieList.storyboard */,
				119EAD6B222F50A200487A93 /* MovieDetail.storyboard */,
			);
			path = Storyboards;
			sourceTree = "<group>";
		};
		1115BFA1222D58D1002734B9 /* ViewControllers */ = {
			isa = PBXGroup;
			children = (
				1115BFA7222D59F9002734B9 /* MovieListViewController.swift */,
				119EAD69222F506F00487A93 /* MovieDetailViewController.swift */,
			);
			path = ViewControllers;
			sourceTree = "<group>";
		};
		1115BFA2222D595D002734B9 /* BaseFiles */ = {
			isa = PBXGroup;
			children = (
				1115BFA3222D597F002734B9 /* BaseView.swift */,
			);
			path = BaseFiles;
			sourceTree = "<group>";
		};
		1115BFA9222D5C03002734B9 /* Constants */ = {
			isa = PBXGroup;
			children = (
				119EAD64222F46B700487A93 /* NetworkService */,
				1115BFAA222D5C21002734B9 /* NavigationConstants.swift */,
			);
			path = Constants;
			sourceTree = "<group>";
		};
		1115BFAC222D5CD8002734B9 /* UI */ = {
			isa = PBXGroup;
			children = (
				1115BFAD222D5CE2002734B9 /* TableViewCells */,
			);
			path = UI;
			sourceTree = "<group>";
		};
		1115BFAD222D5CE2002734B9 /* TableViewCells */ = {
			isa = PBXGroup;
			children = (
				1115BFAE222D5D29002734B9 /* MovieListTableViewCell.swift */,
				1115BFAF222D5D29002734B9 /* MovieListTableViewCell.xib */,
			);
			path = TableViewCells;
			sourceTree = "<group>";
		};
		1115BFB2222D692D002734B9 /* Internationalization */ = {
			isa = PBXGroup;
			children = (
				1115BFB9222D6A6E002734B9 /* Localizable.strings */,
			);
			path = Internationalization;
			sourceTree = "<group>";
		};
		1115BFBB222D6DB8002734B9 /*  Services */ = {
			isa = PBXGroup;
			children = (
				1115BFBC222D6E57002734B9 /* NetworkService.swift */,
				119EAD5A222D864E00487A93 /* MovieListService.swift */,
				119EAD60222F3B1000487A93 /* MovieDetailService.swift */,
			);
			path = " Services";
			sourceTree = "<group>";
		};
		1198818B222D51140055FBD3 = {
			isa = PBXGroup;
			children = (
				11988196222D51150055FBD3 /* MovieList */,
				11988195222D51150055FBD3 /* Products */,
				85C41569E8A4C20C792608F4 /* Pods */,
				B28253036A570A1E74DCB7DD /* Frameworks */,
			);
			sourceTree = "<group>";
		};
		11988195222D51150055FBD3 /* Products */ = {
			isa = PBXGroup;
			children = (
				11988194222D51150055FBD3 /* MovieList.app */,
			);
			name = Products;
			sourceTree = "<group>";
		};
		11988196222D51150055FBD3 /* MovieList */ = {
			isa = PBXGroup;
			children = (
				119EAD57222D81C000487A93 /* Models */,
				1115BFAC222D5CD8002734B9 /* UI */,
				1115BFA0222D58B4002734B9 /* Storyboards */,
				1115BFA1222D58D1002734B9 /* ViewControllers */,
				1115BFA2222D595D002734B9 /* BaseFiles */,
				119EAD54222D743600487A93 /* Extensions */,
				1115BFBB222D6DB8002734B9 /*  Services */,
				1115BFB2222D692D002734B9 /* Internationalization */,
				1115BFA9222D5C03002734B9 /* Constants */,
				11988197222D51150055FBD3 /* AppDelegate.swift */,
				119881A1222D51150055FBD3 /* Assets.xcassets */,
				119881A3222D51150055FBD3 /* LaunchScreen.storyboard */,
				119881A6222D51150055FBD3 /* Info.plist */,
				1198819E222D51150055FBD3 /* MovieList.xcdatamodeld */,
			);
			path = MovieList;
			sourceTree = "<group>";
		};
		119EAD54222D743600487A93 /* Extensions */ = {
			isa = PBXGroup;
			children = (
				119EAD55222D746200487A93 /* UIStoryboardExtensions.swift */,
				119EAD5C222EF74400487A93 /* UIColor.swift */,
				119EAD5E222EFFAC00487A93 /* StringExtension.swift */,
			);
			path = Extensions;
			sourceTree = "<group>";
		};
		119EAD57222D81C000487A93 /* Models */ = {
			isa = PBXGroup;
			children = (
				119EAD58222D81E600487A93 /* Movie.swift */,
			);
			path = Models;
			sourceTree = "<group>";
		};
		119EAD64222F46B700487A93 /* NetworkService */ = {
			isa = PBXGroup;
			children = (
				1115BFBE222D6F17002734B9 /* NetworkConstants.swift */,
				119EAD65222F46EA00487A93 /* NetworkMovieDetailConstants.swift */,
				119EAD67222F477C00487A93 /* NetworkMovieListConstants.swift */,
			);
			path = NetworkService;
			sourceTree = "<group>";
		};
		85C41569E8A4C20C792608F4 /* Pods */ = {
			isa = PBXGroup;
			children = (
				EC37A20C77E69D40C07A241B /* Pods-MovieList.debug.xcconfig */,
				59D1777800CB037E1BE9BCDF /* Pods-MovieList.release.xcconfig */,
			);
			path = Pods;
			sourceTree = "<group>";
		};
		B28253036A570A1E74DCB7DD /* Frameworks */ = {
			isa = PBXGroup;
			children = (
				F07DA49A5C4AE5C735FEB982 /* Pods_MovieList.framework */,
			);
			name = Frameworks;
			sourceTree = "<group>";
		};
/* End PBXGroup section */

/* Begin PBXNativeTarget section */
		11988193222D51150055FBD3 /* MovieList */ = {
			isa = PBXNativeTarget;
			buildConfigurationList = 119881A9222D51150055FBD3 /* Build configuration list for PBXNativeTarget "MovieList" */;
			buildPhases = (
				504E5B07C3EAE7100C7E22A0 /* [CP] Check Pods Manifest.lock */,
				11988190222D51150055FBD3 /* Sources */,
				11988191222D51150055FBD3 /* Frameworks */,
				11988192222D51150055FBD3 /* Resources */,
				54AC3098695055164602267F /* [CP] Embed Pods Frameworks */,
			);
			buildRules = (
			);
			dependencies = (
			);
			name = MovieList;
			productName = MovieList;
			productReference = 11988194222D51150055FBD3 /* MovieList.app */;
			productType = "com.apple.product-type.application";
		};
/* End PBXNativeTarget section */

/* Begin PBXProject section */
		1198818C222D51140055FBD3 /* Project object */ = {
			isa = PBXProject;
			attributes = {
				LastSwiftUpdateCheck = 1010;
				LastUpgradeCheck = 1010;
				ORGANIZATIONNAME = "Daniel Oliveira";
				TargetAttributes = {
					11988193222D51150055FBD3 = {
						CreatedOnToolsVersion = 10.1;
					};
				};
			};
			buildConfigurationList = 1198818F222D51140055FBD3 /* Build configuration list for PBXProject "MovieList" */;
			compatibilityVersion = "Xcode 9.3";
			developmentRegion = en;
			hasScannedForEncodings = 0;
			knownRegions = (
				en,
				Base,
				"pt-BR",
			);
			mainGroup = 1198818B222D51140055FBD3;
			productRefGroup = 11988195222D51150055FBD3 /* Products */;
			projectDirPath = "";
			projectRoot = "";
			targets = (
				11988193222D51150055FBD3 /* MovieList */,
			);
		};
/* End PBXProject section */

/* Begin PBXResourcesBuildPhase section */
		11988192222D51150055FBD3 /* Resources */ = {
			isa = PBXResourcesBuildPhase;
			buildActionMask = 2147483647;
			files = (
				119EAD6C222F50A200487A93 /* MovieDetail.storyboard in Resources */,
				1115BFB7222D6A6E002734B9 /* Localizable.strings in Resources */,
				119881A5222D51150055FBD3 /* LaunchScreen.storyboard in Resources */,
				119881A2222D51150055FBD3 /* Assets.xcassets in Resources */,
				1115BFB1222D5D29002734B9 /* MovieListTableViewCell.xib in Resources */,
				1198819D222D51150055FBD3 /* MovieList.storyboard in Resources */,
			);
			runOnlyForDeploymentPostprocessing = 0;
		};
/* End PBXResourcesBuildPhase section */

/* Begin PBXShellScriptBuildPhase section */
		504E5B07C3EAE7100C7E22A0 /* [CP] Check Pods Manifest.lock */ = {
			isa = PBXShellScriptBuildPhase;
			buildActionMask = 2147483647;
			files = (
			);
			inputFileListPaths = (
			);
			inputPaths = (
				"${PODS_PODFILE_DIR_PATH}/Podfile.lock",
				"${PODS_ROOT}/Manifest.lock",
			);
			name = "[CP] Check Pods Manifest.lock";
			outputFileListPaths = (
			);
			outputPaths = (
				"$(DERIVED_FILE_DIR)/Pods-MovieList-checkManifestLockResult.txt",
			);
			runOnlyForDeploymentPostprocessing = 0;
			shellPath = /bin/sh;
			shellScript = "diff \"${PODS_PODFILE_DIR_PATH}/Podfile.lock\" \"${PODS_ROOT}/Manifest.lock\" > /dev/null\nif [ $? != 0 ] ; then\n    # print error to STDERR\n    echo \"error: The sandbox is not in sync with the Podfile.lock. Run 'pod install' or update your CocoaPods installation.\" >&2\n    exit 1\nfi\n# This output is used by Xcode 'outputs' to avoid re-running this script phase.\necho \"SUCCESS\" > \"${SCRIPT_OUTPUT_FILE_0}\"\n";
			showEnvVarsInLog = 0;
		};
		54AC3098695055164602267F /* [CP] Embed Pods Frameworks */ = {
			isa = PBXShellScriptBuildPhase;
			buildActionMask = 2147483647;
			files = (
			);
			inputFileListPaths = (
			);
			inputPaths = (
				"${PODS_ROOT}/Target Support Files/Pods-MovieList/Pods-MovieList-frameworks.sh",
				"${BUILT_PRODUCTS_DIR}/Alamofire/Alamofire.framework",
			);
			name = "[CP] Embed Pods Frameworks";
			outputFileListPaths = (
			);
			outputPaths = (
				"${TARGET_BUILD_DIR}/${FRAMEWORKS_FOLDER_PATH}/Alamofire.framework",
			);
			runOnlyForDeploymentPostprocessing = 0;
			shellPath = /bin/sh;
			shellScript = "\"${PODS_ROOT}/Target Support Files/Pods-MovieList/Pods-MovieList-frameworks.sh\"\n";
			showEnvVarsInLog = 0;
		};
/* End PBXShellScriptBuildPhase section */

/* Begin PBXSourcesBuildPhase section */
		11988190222D51150055FBD3 /* Sources */ = {
			isa = PBXSourcesBuildPhase;
			buildActionMask = 2147483647;
			files = (
				1115BFBF222D6F17002734B9 /* NetworkConstants.swift in Sources */,
				119EAD5D222EF74400487A93 /* UIColor.swift in Sources */,
				119EAD66222F46EA00487A93 /* NetworkMovieDetailConstants.swift in Sources */,
				1115BFAB222D5C21002734B9 /* NavigationConstants.swift in Sources */,
				119EAD61222F3B1000487A93 /* MovieDetailService.swift in Sources */,
				1115BFA4222D597F002734B9 /* BaseView.swift in Sources */,
				119EAD5B222D864E00487A93 /* MovieListService.swift in Sources */,
				119EAD56222D746200487A93 /* UIStoryboardExtensions.swift in Sources */,
				11988198222D51150055FBD3 /* AppDelegate.swift in Sources */,
				119881A0222D51150055FBD3 /* MovieList.xcdatamodeld in Sources */,
				1115BFB0222D5D29002734B9 /* MovieListTableViewCell.swift in Sources */,
				1115BFA8222D59F9002734B9 /* MovieListViewController.swift in Sources */,
				119EAD59222D81E600487A93 /* Movie.swift in Sources */,
				119EAD68222F477C00487A93 /* NetworkMovieListConstants.swift in Sources */,
				119EAD5F222EFFAC00487A93 /* StringExtension.swift in Sources */,
				119EAD6A222F506F00487A93 /* MovieDetailViewController.swift in Sources */,
				1115BFBD222D6E58002734B9 /* NetworkService.swift in Sources */,
			);
			runOnlyForDeploymentPostprocessing = 0;
		};
/* End PBXSourcesBuildPhase section */

/* Begin PBXVariantGroup section */
		1115BFB9222D6A6E002734B9 /* Localizable.strings */ = {
			isa = PBXVariantGroup;
			children = (
				1115BFB8222D6A6E002734B9 /* en */,
				1115BFBA222D6A71002734B9 /* pt-BR */,
			);
			name = Localizable.strings;
			sourceTree = "<group>";
		};
		1198819B222D51150055FBD3 /* MovieList.storyboard */ = {
			isa = PBXVariantGroup;
			children = (
				1198819C222D51150055FBD3 /* Base */,
			);
			name = MovieList.storyboard;
			sourceTree = "<group>";
		};
		119881A3222D51150055FBD3 /* LaunchScreen.storyboard */ = {
			isa = PBXVariantGroup;
			children = (
				119881A4222D51150055FBD3 /* Base */,
				1115BFB4222D69E7002734B9 /* pt-BR */,
			);
			name = LaunchScreen.storyboard;
			sourceTree = "<group>";
		};
/* End PBXVariantGroup section */

/* Begin XCBuildConfiguration section */
		119881A7222D51150055FBD3 /* Debug */ = {
			isa = XCBuildConfiguration;
			buildSettings = {
				ALWAYS_SEARCH_USER_PATHS = NO;
				CLANG_ANALYZER_LOCALIZABILITY_NONLOCALIZED = YES;
				CLANG_ANALYZER_NONNULL = YES;
				CLANG_ANALYZER_NUMBER_OBJECT_CONVERSION = YES_AGGRESSIVE;
				CLANG_CXX_LANGUAGE_STANDARD = "gnu++14";
				CLANG_CXX_LIBRARY = "libc++";
				CLANG_ENABLE_MODULES = YES;
				CLANG_ENABLE_OBJC_ARC = YES;
				CLANG_ENABLE_OBJC_WEAK = YES;
				CLANG_WARN_BLOCK_CAPTURE_AUTORELEASING = YES;
				CLANG_WARN_BOOL_CONVERSION = YES;
				CLANG_WARN_COMMA = YES;
				CLANG_WARN_CONSTANT_CONVERSION = YES;
				CLANG_WARN_DEPRECATED_OBJC_IMPLEMENTATIONS = YES;
				CLANG_WARN_DIRECT_OBJC_ISA_USAGE = YES_ERROR;
				CLANG_WARN_DOCUMENTATION_COMMENTS = YES;
				CLANG_WARN_EMPTY_BODY = YES;
				CLANG_WARN_ENUM_CONVERSION = YES;
				CLANG_WARN_INFINITE_RECURSION = YES;
				CLANG_WARN_INT_CONVERSION = YES;
				CLANG_WARN_NON_LITERAL_NULL_CONVERSION = YES;
				CLANG_WARN_OBJC_IMPLICIT_RETAIN_SELF = YES;
				CLANG_WARN_OBJC_LITERAL_CONVERSION = YES;
				CLANG_WARN_OBJC_ROOT_CLASS = YES_ERROR;
				CLANG_WARN_RANGE_LOOP_ANALYSIS = YES;
				CLANG_WARN_STRICT_PROTOTYPES = YES;
				CLANG_WARN_SUSPICIOUS_MOVE = YES;
				CLANG_WARN_UNGUARDED_AVAILABILITY = YES_AGGRESSIVE;
				CLANG_WARN_UNREACHABLE_CODE = YES;
				CLANG_WARN__DUPLICATE_METHOD_MATCH = YES;
				CODE_SIGN_IDENTITY = "iPhone Developer";
				COPY_PHASE_STRIP = NO;
				DEBUG_INFORMATION_FORMAT = dwarf;
				ENABLE_STRICT_OBJC_MSGSEND = YES;
				ENABLE_TESTABILITY = YES;
				GCC_C_LANGUAGE_STANDARD = gnu11;
				GCC_DYNAMIC_NO_PIC = NO;
				GCC_NO_COMMON_BLOCKS = YES;
				GCC_OPTIMIZATION_LEVEL = 0;
				GCC_PREPROCESSOR_DEFINITIONS = (
					"DEBUG=1",
					"$(inherited)",
				);
				GCC_WARN_64_TO_32_BIT_CONVERSION = YES;
				GCC_WARN_ABOUT_RETURN_TYPE = YES_ERROR;
				GCC_WARN_UNDECLARED_SELECTOR = YES;
				GCC_WARN_UNINITIALIZED_AUTOS = YES_AGGRESSIVE;
				GCC_WARN_UNUSED_FUNCTION = YES;
				GCC_WARN_UNUSED_VARIABLE = YES;
				IPHONEOS_DEPLOYMENT_TARGET = 12.1;
				MTL_ENABLE_DEBUG_INFO = INCLUDE_SOURCE;
				MTL_FAST_MATH = YES;
				ONLY_ACTIVE_ARCH = YES;
				SDKROOT = iphoneos;
				SWIFT_ACTIVE_COMPILATION_CONDITIONS = DEBUG;
				SWIFT_OPTIMIZATION_LEVEL = "-Onone";
			};
			name = Debug;
		};
		119881A8222D51150055FBD3 /* Release */ = {
			isa = XCBuildConfiguration;
			buildSettings = {
				ALWAYS_SEARCH_USER_PATHS = NO;
				CLANG_ANALYZER_LOCALIZABILITY_NONLOCALIZED = YES;
				CLANG_ANALYZER_NONNULL = YES;
				CLANG_ANALYZER_NUMBER_OBJECT_CONVERSION = YES_AGGRESSIVE;
				CLANG_CXX_LANGUAGE_STANDARD = "gnu++14";
				CLANG_CXX_LIBRARY = "libc++";
				CLANG_ENABLE_MODULES = YES;
				CLANG_ENABLE_OBJC_ARC = YES;
				CLANG_ENABLE_OBJC_WEAK = YES;
				CLANG_WARN_BLOCK_CAPTURE_AUTORELEASING = YES;
				CLANG_WARN_BOOL_CONVERSION = YES;
				CLANG_WARN_COMMA = YES;
				CLANG_WARN_CONSTANT_CONVERSION = YES;
				CLANG_WARN_DEPRECATED_OBJC_IMPLEMENTATIONS = YES;
				CLANG_WARN_DIRECT_OBJC_ISA_USAGE = YES_ERROR;
				CLANG_WARN_DOCUMENTATION_COMMENTS = YES;
				CLANG_WARN_EMPTY_BODY = YES;
				CLANG_WARN_ENUM_CONVERSION = YES;
				CLANG_WARN_INFINITE_RECURSION = YES;
				CLANG_WARN_INT_CONVERSION = YES;
				CLANG_WARN_NON_LITERAL_NULL_CONVERSION = YES;
				CLANG_WARN_OBJC_IMPLICIT_RETAIN_SELF = YES;
				CLANG_WARN_OBJC_LITERAL_CONVERSION = YES;
				CLANG_WARN_OBJC_ROOT_CLASS = YES_ERROR;
				CLANG_WARN_RANGE_LOOP_ANALYSIS = YES;
				CLANG_WARN_STRICT_PROTOTYPES = YES;
				CLANG_WARN_SUSPICIOUS_MOVE = YES;
				CLANG_WARN_UNGUARDED_AVAILABILITY = YES_AGGRESSIVE;
				CLANG_WARN_UNREACHABLE_CODE = YES;
				CLANG_WARN__DUPLICATE_METHOD_MATCH = YES;
				CODE_SIGN_IDENTITY = "iPhone Developer";
				COPY_PHASE_STRIP = NO;
				DEBUG_INFORMATION_FORMAT = "dwarf-with-dsym";
				ENABLE_NS_ASSERTIONS = NO;
				ENABLE_STRICT_OBJC_MSGSEND = YES;
				GCC_C_LANGUAGE_STANDARD = gnu11;
				GCC_NO_COMMON_BLOCKS = YES;
				GCC_WARN_64_TO_32_BIT_CONVERSION = YES;
				GCC_WARN_ABOUT_RETURN_TYPE = YES_ERROR;
				GCC_WARN_UNDECLARED_SELECTOR = YES;
				GCC_WARN_UNINITIALIZED_AUTOS = YES_AGGRESSIVE;
				GCC_WARN_UNUSED_FUNCTION = YES;
				GCC_WARN_UNUSED_VARIABLE = YES;
				IPHONEOS_DEPLOYMENT_TARGET = 12.1;
				MTL_ENABLE_DEBUG_INFO = NO;
				MTL_FAST_MATH = YES;
				SDKROOT = iphoneos;
				SWIFT_COMPILATION_MODE = wholemodule;
				SWIFT_OPTIMIZATION_LEVEL = "-O";
				VALIDATE_PRODUCT = YES;
			};
			name = Release;
		};
		119881AA222D51150055FBD3 /* Debug */ = {
			isa = XCBuildConfiguration;
			baseConfigurationReference = EC37A20C77E69D40C07A241B /* Pods-MovieList.debug.xcconfig */;
			buildSettings = {
				ASSETCATALOG_COMPILER_APPICON_NAME = AppIcon;
				CODE_SIGN_STYLE = Automatic;
				DEVELOPMENT_TEAM = W5849F638E;
				INFOPLIST_FILE = MovieList/Info.plist;
				LD_RUNPATH_SEARCH_PATHS = (
					"$(inherited)",
					"@executable_path/Frameworks",
				);
				PRODUCT_BUNDLE_IDENTIFIER = com.danieloliveira.MovieList;
				PRODUCT_NAME = "$(TARGET_NAME)";
				SWIFT_VERSION = 4.2;
				TARGETED_DEVICE_FAMILY = "1,2";
			};
			name = Debug;
		};
		119881AB222D51150055FBD3 /* Release */ = {
			isa = XCBuildConfiguration;
			baseConfigurationReference = 59D1777800CB037E1BE9BCDF /* Pods-MovieList.release.xcconfig */;
			buildSettings = {
				ASSETCATALOG_COMPILER_APPICON_NAME = AppIcon;
				CODE_SIGN_STYLE = Automatic;
				DEVELOPMENT_TEAM = W5849F638E;
				INFOPLIST_FILE = MovieList/Info.plist;
				LD_RUNPATH_SEARCH_PATHS = (
					"$(inherited)",
					"@executable_path/Frameworks",
				);
				PRODUCT_BUNDLE_IDENTIFIER = com.danieloliveira.MovieList;
				PRODUCT_NAME = "$(TARGET_NAME)";
				SWIFT_VERSION = 4.2;
				TARGETED_DEVICE_FAMILY = "1,2";
			};
			name = Release;
		};
/* End XCBuildConfiguration section */

/* Begin XCConfigurationList section */
		1198818F222D51140055FBD3 /* Build configuration list for PBXProject "MovieList" */ = {
			isa = XCConfigurationList;
			buildConfigurations = (
				119881A7222D51150055FBD3 /* Debug */,
				119881A8222D51150055FBD3 /* Release */,
			);
			defaultConfigurationIsVisible = 0;
			defaultConfigurationName = Release;
		};
		119881A9222D51150055FBD3 /* Build configuration list for PBXNativeTarget "MovieList" */ = {
			isa = XCConfigurationList;
			buildConfigurations = (
				119881AA222D51150055FBD3 /* Debug */,
				119881AB222D51150055FBD3 /* Release */,
			);
			defaultConfigurationIsVisible = 0;
			defaultConfigurationName = Release;
		};
/* End XCConfigurationList section */

/* Begin XCVersionGroup section */
		1198819E222D51150055FBD3 /* MovieList.xcdatamodeld */ = {
			isa = XCVersionGroup;
			children = (
				1198819F222D51150055FBD3 /* MovieList.xcdatamodel */,
			);
			currentVersion = 1198819F222D51150055FBD3 /* MovieList.xcdatamodel */;
			path = MovieList.xcdatamodeld;
			sourceTree = "<group>";
			versionGroupType = wrapper.xcdatamodel;
		};
/* End XCVersionGroup section */
	};
	rootObject = 1198818C222D51140055FBD3 /* Project object */;
}
