PODS:
  - Alamofire (4.8.1)
  - Kingfisher (4.10.1)
  - ReachabilitySwift (4.3.0)

DEPENDENCIES:
  - Alamofire (~> 4.7)
  - Kingfisher (~> 4.0)
  - ReachabilitySwift

SPEC REPOS:
  https://github.com/cocoapods/specs.git:
    - Alamofire
    - Kingfisher
    - ReachabilitySwift

SPEC CHECKSUMS:
  Alamofire: 16ce2c353fb72865124ddae8a57c5942388f4f11
  Kingfisher: c148cd7b47ebde9989f6bc7c27dcaa79d81279a0
  ReachabilitySwift: 408477d1b6ed9779dba301953171e017c31241f3

PODFILE CHECKSUM: 4c59af84bc5429efbedea3a988dc354c9f0d4349

COCOAPODS: 1.6.1
